
Microsoft Visual Studio Solution File, Format Version 12.00
# Visual Studio Version 17
VisualStudioVersion = 17.10.35122.118
MinimumVisualStudioVersion = 10.0.40219.1
Project("{FAE04EC0-301F-11D3-BF4B-00C04F79EFBC}") = "Projectlibrary", "Projectlibrary.csproj", "{FA87AB3B-6D63-47F8-841E-1E4D539578B7}"
EndProject
Global
	GlobalSection(SolutionConfigurationPlatforms) = preSolution
		Debug|Any CPU = Debug|Any CPU
		Release|Any CPU = Release|Any CPU
	EndGlobalSection
	GlobalSection(ProjectConfigurationPlatforms) = postSolution
		{FA87AB3B-6D63-47F8-841E-1E4D539578B7}.Debug|Any CPU.ActiveCfg = Debug|Any CPU
		{FA87AB3B-6D63-47F8-841E-1E4D539578B7}.Debug|Any CPU.Build.0 = Debug|Any CPU
		{FA87AB3B-6D63-47F8-841E-1E4D539578B7}.Release|Any CPU.ActiveCfg = Release|Any CPU
		{FA87AB3B-6D63-47F8-841E-1E4D539578B7}.Release|Any CPU.Build.0 = Release|Any CPU
	EndGlobalSection
	GlobalSection(SolutionProperties) = preSolution
		HideSolutionNode = FALSE
	EndGlobalSection
	GlobalSection(ExtensibilityGlobals) = postSolution
		SolutionGuid = {5D926A7E-B3EF-4B89-BC8B-77ED0FE0A957}
	EndGlobalSection
EndGlobal
